
Microsoft Visual Studio Solution File, Format Version 12.00
# Visual Studio 15
VisualStudioVersion = 15.0.27004.2009
MinimumVisualStudioVersion = 10.0.40219.1
Project("{FAE04EC0-301F-11D3-BF4B-00C04F79EFBC}") = "iBeacon", "iBeacon\iBeacon.csproj", "{8FDDA794-7A09-4092-A136-6515633DA3AC}"
EndProject
Project("{FAE04EC0-301F-11D3-BF4B-00C04F79EFBC}") = "iBeacon_WcfServiceLibrary", "iBeacon_WcfServiceLibrary\iBeacon_WcfServiceLibrary.csproj", "{A4CB4F6B-8026-401D-ACC6-195F5E7802E6}"
EndProject
Global
	GlobalSection(SolutionConfigurationPlatforms) = preSolution
		Debug|Any CPU = Debug|Any CPU
		Release|Any CPU = Release|Any CPU
	EndGlobalSection
	GlobalSection(ProjectConfigurationPlatforms) = postSolution
		{8FDDA794-7A09-4092-A136-6515633DA3AC}.Debug|Any CPU.ActiveCfg = Debug|Any CPU
		{8FDDA794-7A09-4092-A136-6515633DA3AC}.Debug|Any CPU.Build.0 = Debug|Any CPU
		{8FDDA794-7A09-4092-A136-6515633DA3AC}.Release|Any CPU.ActiveCfg = Release|Any CPU
		{8FDDA794-7A09-4092-A136-6515633DA3AC}.Release|Any CPU.Build.0 = Release|Any CPU
		{A4CB4F6B-8026-401D-ACC6-195F5E7802E6}.Debug|Any CPU.ActiveCfg = Debug|Any CPU
		{A4CB4F6B-8026-401D-ACC6-195F5E7802E6}.Debug|Any CPU.Build.0 = Debug|Any CPU
		{A4CB4F6B-8026-401D-ACC6-195F5E7802E6}.Release|Any CPU.ActiveCfg = Release|Any CPU
		{A4CB4F6B-8026-401D-ACC6-195F5E7802E6}.Release|Any CPU.Build.0 = Release|Any CPU
	EndGlobalSection
	GlobalSection(SolutionProperties) = preSolution
		HideSolutionNode = FALSE
	EndGlobalSection
	GlobalSection(ExtensibilityGlobals) = postSolution
		SolutionGuid = {692019D7-FEE8-4267-AC79-4BC7CC71A7C7}
	EndGlobalSection
EndGlobal
